
Microsoft Visual Studio Solution File, Format Version 12.00
# Visual Studio Version 16
VisualStudioVersion = 16.0.32802.440
MinimumVisualStudioVersion = 10.0.40219.1
Project("{FAE04EC0-301F-11D3-BF4B-00C04F79EFBC}") = "ST10114615_PROG7312_POE_TASK_2", "ST10114615_PROG7312_POE_TASK_1\ST10114615_PROG7312_POE_TASK_2.csproj", "{FF7AEFE6-7C2B-4BF3-835F-75AA11D00B65}"
EndProject
Global
	GlobalSection(SolutionConfigurationPlatforms) = preSolution
		Debug|Any CPU = Debug|Any CPU
		Release|Any CPU = Release|Any CPU
	EndGlobalSection
	GlobalSection(ProjectConfigurationPlatforms) = postSolution
		{FF7AEFE6-7C2B-4BF3-835F-75AA11D00B65}.Debug|Any CPU.ActiveCfg = Debug|Any CPU
		{FF7AEFE6-7C2B-4BF3-835F-75AA11D00B65}.Debug|Any CPU.Build.0 = Debug|Any CPU
		{FF7AEFE6-7C2B-4BF3-835F-75AA11D00B65}.Release|Any CPU.ActiveCfg = Release|Any CPU
		{FF7AEFE6-7C2B-4BF3-835F-75AA11D00B65}.Release|Any CPU.Build.0 = Release|Any CPU
	EndGlobalSection
	GlobalSection(SolutionProperties) = preSolution
		HideSolutionNode = FALSE
	EndGlobalSection
	GlobalSection(ExtensibilityGlobals) = postSolution
		SolutionGuid = {813C7FD6-7310-4C75-96CF-A6505D26DED4}
	EndGlobalSection
EndGlobal
